
Microsoft Visual Studio Solution File, Format Version 12.00
# Visual Studio Version 16
VisualStudioVersion = 16.0.30611.23
MinimumVisualStudioVersion = 10.0.40219.1
Project("{FAE04EC0-301F-11D3-BF4B-00C04F79EFBC}") = "Utilities", "Utilities\Utilities.csproj", "{AFA00BC3-2E4D-4B2B-8A95-9DBF43A4CE4F}"
EndProject
Project("{9A19103F-16F7-4668-BE54-9A1E7A4F7556}") = "Report-Repair", "..\1-12-2020\RepairReport\Report-Repair\Report-Repair.csproj", "{B5483E95-E586-4045-80A3-A53867EF3F2E}"
EndProject
Project("{2150E333-8FDC-42A3-9474-1A3956D46DE8}") = "01-12-2020", "01-12-2020", "{1221EBE4-34D9-4FD2-B6FA-26D063D92E9E}"
EndProject
Project("{9A19103F-16F7-4668-BE54-9A1E7A4F7556}") = "Report-Repair-Test", "..\1-12-2020\RepairReport\Report-Repair-Test\Report-Repair-Test.csproj", "{6D118C42-DACF-407A-B5B1-AEDFBD2B01D0}"
EndProject
Project("{2150E333-8FDC-42A3-9474-1A3956D46DE8}") = "02-12-2020", "02-12-2020", "{441E3C99-FAC6-471B-8B28-E78363378587}"
EndProject
Project("{2150E333-8FDC-42A3-9474-1A3956D46DE8}") = "03-12-2020", "03-12-2020", "{BE40D53F-7ED8-4143-BBB4-AF692700AEE1}"
EndProject
Project("{9A19103F-16F7-4668-BE54-9A1E7A4F7556}") = "PasswordPhilosophy", "..\2-12-2020\PasswordPhilosophy\PasswordPhilosophy\PasswordPhilosophy.csproj", "{6AFFF940-EFB3-4822-946C-0FB25BB80D6E}"
EndProject
Project("{9A19103F-16F7-4668-BE54-9A1E7A4F7556}") = "PasswordPhilosophyTest", "..\2-12-2020\PasswordPhilosophy\PasswordPhilosophyTest\PasswordPhilosophyTest.csproj", "{72D1E25E-E5E2-4D9C-8E25-AC4D36365682}"
EndProject
Project("{9A19103F-16F7-4668-BE54-9A1E7A4F7556}") = "TobogganTrajectory", "..\3-12-2020\TobogganTrajectory\TobogganTrajectory\TobogganTrajectory.csproj", "{A7389A13-2EFC-4985-A2C3-5FD5519E7077}"
EndProject
Project("{9A19103F-16F7-4668-BE54-9A1E7A4F7556}") = "TobogganTrajectoryTest", "..\3-12-2020\TobogganTrajectory\TobogganTrajectoryTest\TobogganTrajectoryTest.csproj", "{FAE0CC1E-6C94-474A-9581-F860F42E89A1}"
EndProject
Global
	GlobalSection(SolutionConfigurationPlatforms) = preSolution
		Debug|Any CPU = Debug|Any CPU
		Release|Any CPU = Release|Any CPU
	EndGlobalSection
	GlobalSection(ProjectConfigurationPlatforms) = postSolution
		{AFA00BC3-2E4D-4B2B-8A95-9DBF43A4CE4F}.Debug|Any CPU.ActiveCfg = Debug|Any CPU
		{AFA00BC3-2E4D-4B2B-8A95-9DBF43A4CE4F}.Debug|Any CPU.Build.0 = Debug|Any CPU
		{AFA00BC3-2E4D-4B2B-8A95-9DBF43A4CE4F}.Release|Any CPU.ActiveCfg = Release|Any CPU
		{AFA00BC3-2E4D-4B2B-8A95-9DBF43A4CE4F}.Release|Any CPU.Build.0 = Release|Any CPU
		{B5483E95-E586-4045-80A3-A53867EF3F2E}.Debug|Any CPU.ActiveCfg = Debug|Any CPU
		{B5483E95-E586-4045-80A3-A53867EF3F2E}.Debug|Any CPU.Build.0 = Debug|Any CPU
		{B5483E95-E586-4045-80A3-A53867EF3F2E}.Release|Any CPU.ActiveCfg = Release|Any CPU
		{B5483E95-E586-4045-80A3-A53867EF3F2E}.Release|Any CPU.Build.0 = Release|Any CPU
		{6D118C42-DACF-407A-B5B1-AEDFBD2B01D0}.Debug|Any CPU.ActiveCfg = Debug|Any CPU
		{6D118C42-DACF-407A-B5B1-AEDFBD2B01D0}.Debug|Any CPU.Build.0 = Debug|Any CPU
		{6D118C42-DACF-407A-B5B1-AEDFBD2B01D0}.Release|Any CPU.ActiveCfg = Release|Any CPU
		{6D118C42-DACF-407A-B5B1-AEDFBD2B01D0}.Release|Any CPU.Build.0 = Release|Any CPU
		{6AFFF940-EFB3-4822-946C-0FB25BB80D6E}.Debug|Any CPU.ActiveCfg = Debug|Any CPU
		{6AFFF940-EFB3-4822-946C-0FB25BB80D6E}.Debug|Any CPU.Build.0 = Debug|Any CPU
		{6AFFF940-EFB3-4822-946C-0FB25BB80D6E}.Release|Any CPU.ActiveCfg = Release|Any CPU
		{6AFFF940-EFB3-4822-946C-0FB25BB80D6E}.Release|Any CPU.Build.0 = Release|Any CPU
		{72D1E25E-E5E2-4D9C-8E25-AC4D36365682}.Debug|Any CPU.ActiveCfg = Debug|Any CPU
		{72D1E25E-E5E2-4D9C-8E25-AC4D36365682}.Debug|Any CPU.Build.0 = Debug|Any CPU
		{72D1E25E-E5E2-4D9C-8E25-AC4D36365682}.Release|Any CPU.ActiveCfg = Release|Any CPU
		{72D1E25E-E5E2-4D9C-8E25-AC4D36365682}.Release|Any CPU.Build.0 = Release|Any CPU
		{A7389A13-2EFC-4985-A2C3-5FD5519E7077}.Debug|Any CPU.ActiveCfg = Debug|Any CPU
		{A7389A13-2EFC-4985-A2C3-5FD5519E7077}.Debug|Any CPU.Build.0 = Debug|Any CPU
		{A7389A13-2EFC-4985-A2C3-5FD5519E7077}.Release|Any CPU.ActiveCfg = Release|Any CPU
		{A7389A13-2EFC-4985-A2C3-5FD5519E7077}.Release|Any CPU.Build.0 = Release|Any CPU
		{FAE0CC1E-6C94-474A-9581-F860F42E89A1}.Debug|Any CPU.ActiveCfg = Debug|Any CPU
		{FAE0CC1E-6C94-474A-9581-F860F42E89A1}.Debug|Any CPU.Build.0 = Debug|Any CPU
		{FAE0CC1E-6C94-474A-9581-F860F42E89A1}.Release|Any CPU.ActiveCfg = Release|Any CPU
		{FAE0CC1E-6C94-474A-9581-F860F42E89A1}.Release|Any CPU.Build.0 = Release|Any CPU
	EndGlobalSection
	GlobalSection(SolutionProperties) = preSolution
		HideSolutionNode = FALSE
	EndGlobalSection
	GlobalSection(NestedProjects) = preSolution
		{B5483E95-E586-4045-80A3-A53867EF3F2E} = {1221EBE4-34D9-4FD2-B6FA-26D063D92E9E}
		{6D118C42-DACF-407A-B5B1-AEDFBD2B01D0} = {1221EBE4-34D9-4FD2-B6FA-26D063D92E9E}
		{6AFFF940-EFB3-4822-946C-0FB25BB80D6E} = {441E3C99-FAC6-471B-8B28-E78363378587}
		{72D1E25E-E5E2-4D9C-8E25-AC4D36365682} = {441E3C99-FAC6-471B-8B28-E78363378587}
		{A7389A13-2EFC-4985-A2C3-5FD5519E7077} = {BE40D53F-7ED8-4143-BBB4-AF692700AEE1}
		{FAE0CC1E-6C94-474A-9581-F860F42E89A1} = {BE40D53F-7ED8-4143-BBB4-AF692700AEE1}
	EndGlobalSection
	GlobalSection(ExtensibilityGlobals) = postSolution
		SolutionGuid = {D8E1D340-B171-47F3-B402-FA7EDA61AE81}
	EndGlobalSection
EndGlobal
